{
  "name": "paper-fetch-skill-formula-tools",
  "version": "1.0.0",
  "lockfileVersion": 3,
  "requires": true,
  "packages": {
    "": {
      "name": "paper-fetch-skill-formula-tools",
      "version": "1.0.0",
      "license": "UNLICENSED",
      "dependencies": {
        "katex": "0.17.0",
        "mathml-to-latex": "1.8.0"
      }
    },
    "node_modules/@xmldom/xmldom": {
      "version": "0.9.10",
      "resolved": "https://registry.npmjs.org/@xmldom/xmldom/-/xmldom-0.9.10.tgz",
      "integrity": "sha512-A9gOqLdi6cV4ibazAjcQufGj0B1y/vDqYrcuP6d/6x8P27gRS8643Dj9o1dEKtB6O7fwxb2FgBmJS2mX7gpvdw==",
      "license": "MIT",
      "engines": {
        "node": ">=14.6"
      }
    },
    "node_modules/commander": {
      "version": "8.3.0",
      "resolved": "https://registry.npmjs.org/commander/-/commander-8.3.0.tgz",
      "integrity": "sha512-OkTL9umf+He2DZkUq8f8J9of7yL6RJKI24dVITBmNfZBmri9zYZQrKkuXiKhyfPSu8tUhnVBB1iKXevvnlR4Ww==",
      "license": "MIT",
      "engines": {
        "node": ">= 12"
      }
    },
    "node_modules/katex": {
      "version": "0.17.0",
      "resolved": "https://registry.npmjs.org/katex/-/katex-0.17.0.tgz",
      "integrity": "sha512-Vdw0ATsQ9V+LuegM/BTwQqV/6cTl5lbGcIrU+BCgLxyf6bo38ybOr372tuSIxir3CN720flu1meYR6XzNMwQnw==",
      "funding": [
        "https://opencollective.com/katex",
        "https://github.com/sponsors/katex"
      ],
      "license": "MIT",
      "dependencies": {
        "commander": "^8.3.0"
      },
      "bin": {
        "katex": "cli.js"
      }
    },
    "node_modules/mathml-to-latex": {
      "version": "1.8.0",
      "resolved": "https://registry.npmjs.org/mathml-to-latex/-/mathml-to-latex-1.8.0.tgz",
      "integrity": "sha512-gQ0uK3zqB8HwlfaXJkEL5rgaZNbKUiBMmBP/B/W+b+t6KcseLSuYb1b0BjLgS9ZiQa24ePkqTX8/6FaQuDL7wQ==",
      "license": "MIT",
      "dependencies": {
        "@xmldom/xmldom": "^0.9.10"
      }
    }
  }
}
